// !$*UTF8*$!
{
	archiveVersion = 1;
	classes = {
	};
	objectVersion = 56;
	objects = {

/* Begin PBXBuildFile section */
		058637AE5E8D8958E83182AC /* HomeView.swift in Sources */ = {isa = PBXBuildFile; fileRef = 15ACB021A0EB535077F4F0FA /* HomeView.swift */; };
		058C18E87477E99DA397C853 /* SettingsViewModel.swift in Sources */ = {isa = PBXBuildFile; fileRef = 191C008F6EC4425923F30345 /* SettingsViewModel.swift */; };
		07DBC818AE271E1558887074 /* OnboardingView.swift in Sources */ = {isa = PBXBuildFile; fileRef = 1DA5D355AA45FF9A40BD4708 /* OnboardingView.swift */; };
		0B0EFB064183963EECD196A0 /* DisconnectOverlaySwiftUIView.swift in Sources */ = {isa = PBXBuildFile; fileRef = 09132914ACF970D6CD2BAF35 /* DisconnectOverlaySwiftUIView.swift */; };
		108E3B3EF6B40A33BCB5AA40 /* PipitApp.swift in Sources */ = {isa = PBXBuildFile; fileRef = 32FD3699F89E455D1702042B /* PipitApp.swift */; };
		1B01D085685AE81CCAE9F675 /* OnboardingView.swift in Sources */ = {isa = PBXBuildFile; fileRef = DDDE64444413036E71036E2F /* OnboardingView.swift */; };
		1D6058A70D05DD3D006BFB54 /* IosBleProximityService.swift in Sources */ = {isa = PBXBuildFile; fileRef = IosBleProximityService.swift /* IosBleProximityService.swift */; };
		24F137BEB7C0C3BC6E6024BA /* RootView.swift in Sources */ = {isa = PBXBuildFile; fileRef = DFC81CD531991F87389F5AF2 /* RootView.swift */; };
		334B126D0019CFDF3242F1C4 /* SettingsViewModel.swift in Sources */ = {isa = PBXBuildFile; fileRef = 0F638B17924132D4F9F1F324 /* SettingsViewModel.swift */; };
		466711AFAA47BB3A68977FB8 /* OnboardingViewModel.swift in Sources */ = {isa = PBXBuildFile; fileRef = 6C13591F313A09BE1F331F35 /* OnboardingViewModel.swift */; };
		4912430888E05D76E48189D9 /* viewer.html in Resources */ = {isa = PBXBuildFile; fileRef = 0DCFF6B0C28D38943E8BC133 /* viewer.html */; };
		4BE956AA5346573BEAD9950D /* LocalSchemeHandler.swift in Sources */ = {isa = PBXBuildFile; fileRef = 25217FD2B46FCF95A8107E9D /* LocalSchemeHandler.swift */; };
		5B5FB53EA0FE324361F1B3D5 /* SettingsViewModel.swift in Sources */ = {isa = PBXBuildFile; fileRef = 938B9032C51C3B32C7E7CF76 /* SettingsViewModel.swift */; };
		78DAA08901C9BB75BA1F0119 /* FobRealityViewWrapper.swift in Sources */ = {isa = PBXBuildFile; fileRef = A3B8377B1B54FE1337652D92 /* FobRealityViewWrapper.swift */; };
		88EB1FBD6019F467D71A2FC9 /* SettingsViewModel.swift in Sources */ = {isa = PBXBuildFile; fileRef = B90D58F7CA649FECE310D05B /* SettingsViewModel.swift */; };
		A2F440D7770F2F69059FCF85 /* OnboardingView.swift in Sources */ = {isa = PBXBuildFile; fileRef = 5F22D762CBFAB40F2BA4C127 /* OnboardingView.swift */; };
		A69CD32C0F50DC9E6834EA6F /* OnboardingViewModel.swift in Sources */ = {isa = PBXBuildFile; fileRef = 33D8A3FD14E75BB885FBAED5 /* OnboardingViewModel.swift */; };
		A7D64F588C53EB351C0BE5BE /* SettingsView.swift in Sources */ = {isa = PBXBuildFile; fileRef = 9127467A7AF5B5C9B6D0094F /* SettingsView.swift */; };
		AA000001AA000001AA000001 /* materials.js in Resources */ = {isa = PBXBuildFile; fileRef = AA000002AA000002AA000002 /* materials.js */; };
		AA000003AA000003AA000003 /* Uguisu.glb in Resources */ = {isa = PBXBuildFile; fileRef = AA000004AA000004AA000004 /* Uguisu.glb */; };
		CEBFC72DC1D31B5C6CED61A6 /* OnboardingViewModel.swift in Sources */ = {isa = PBXBuildFile; fileRef = 50B099269BCB3B184DAEB651 /* OnboardingViewModel.swift */; };
		F1CA6B2F4770126B93B27E72 /* SettingsViewModel.swift in Sources */ = {isa = PBXBuildFile; fileRef = E327DC64CD9FAA9B49CBD0D0 /* SettingsViewModel.swift */; };
/* End PBXBuildFile section */

/* Begin PBXFileReference section */
		09132914ACF970D6CD2BAF35 /* DisconnectOverlaySwiftUIView.swift */ = {isa = PBXFileReference; includeInIndex = 1; lastKnownFileType = sourcecode.swift; name = DisconnectOverlaySwiftUIView.swift; path = iosApp/iosApp/UI/DisconnectOverlaySwiftUIView.swift; sourceTree = "<group>"; };
		0DCFF6B0C28D38943E8BC133 /* viewer.html */ = {isa = PBXFileReference; includeInIndex = 1; lastKnownFileType = text.html; name = viewer.html; path = iosApp/iosApp/Resources/viewer.html; sourceTree = "<group>"; };
		0F638B17924132D4F9F1F324 /* SettingsViewModel.swift */ = {isa = PBXFileReference; includeInIndex = 1; lastKnownFileType = sourcecode.swift; name = SettingsViewModel.swift; path = iosApp/iosApp/UI/SettingsViewModel.swift; sourceTree = "<group>"; };
		15ACB021A0EB535077F4F0FA /* HomeView.swift */ = {isa = PBXFileReference; includeInIndex = 1; lastKnownFileType = sourcecode.swift; name = HomeView.swift; path = iosApp/iosApp/UI/HomeView.swift; sourceTree = "<group>"; };
		191C008F6EC4425923F30345 /* SettingsViewModel.swift */ = {isa = PBXFileReference; includeInIndex = 1; lastKnownFileType = sourcecode.swift; name = SettingsViewModel.swift; path = iosApp/iosApp/UI/SettingsViewModel.swift; sourceTree = "<group>"; };
		1DA5D355AA45FF9A40BD4708 /* OnboardingView.swift */ = {isa = PBXFileReference; includeInIndex = 1; lastKnownFileType = sourcecode.swift; name = OnboardingView.swift; path = iosApp/iosApp/UI/OnboardingView.swift; sourceTree = "<group>"; };
		25217FD2B46FCF95A8107E9D /* LocalSchemeHandler.swift */ = {isa = PBXFileReference; includeInIndex = 1; lastKnownFileType = sourcecode.swift; name = LocalSchemeHandler.swift; path = iosApp/iosApp/UI/LocalSchemeHandler.swift; sourceTree = "<group>"; };
		32FD3699F89E455D1702042B /* PipitApp.swift */ = {isa = PBXFileReference; includeInIndex = 1; lastKnownFileType = sourcecode.swift; name = PipitApp.swift; path = iosApp/iosApp/PipitApp.swift; sourceTree = "<group>"; };
		33D8A3FD14E75BB885FBAED5 /* OnboardingViewModel.swift */ = {isa = PBXFileReference; includeInIndex = 1; lastKnownFileType = sourcecode.swift; name = OnboardingViewModel.swift; path = iosApp/iosApp/UI/OnboardingViewModel.swift; sourceTree = "<group>"; };
		50B099269BCB3B184DAEB651 /* OnboardingViewModel.swift */ = {isa = PBXFileReference; includeInIndex = 1; lastKnownFileType = sourcecode.swift; name = OnboardingViewModel.swift; path = iosApp/iosApp/UI/OnboardingViewModel.swift; sourceTree = "<group>"; };
		5F22D762CBFAB40F2BA4C127 /* OnboardingView.swift */ = {isa = PBXFileReference; includeInIndex = 1; lastKnownFileType = sourcecode.swift; name = OnboardingView.swift; path = iosApp/iosApp/UI/OnboardingView.swift; sourceTree = "<group>"; };
		6C13591F313A09BE1F331F35 /* OnboardingViewModel.swift */ = {isa = PBXFileReference; includeInIndex = 1; lastKnownFileType = sourcecode.swift; name = OnboardingViewModel.swift; path = iosApp/iosApp/UI/OnboardingViewModel.swift; sourceTree = "<group>"; };
		9127467A7AF5B5C9B6D0094F /* SettingsView.swift */ = {isa = PBXFileReference; includeInIndex = 1; lastKnownFileType = sourcecode.swift; name = SettingsView.swift; path = iosApp/iosApp/UI/SettingsView.swift; sourceTree = "<group>"; };
		938B9032C51C3B32C7E7CF76 /* SettingsViewModel.swift */ = {isa = PBXFileReference; includeInIndex = 1; lastKnownFileType = sourcecode.swift; name = SettingsViewModel.swift; path = iosApp/iosApp/UI/SettingsViewModel.swift; sourceTree = "<group>"; };
		95A420C22F641C80004D07BD /* Pipit.app */ = {isa = PBXFileReference; explicitFileType = wrapper.application; includeInIndex = 0; path = Pipit.app; sourceTree = BUILT_PRODUCTS_DIR; };
		A3B8377B1B54FE1337652D92 /* FobRealityViewWrapper.swift */ = {isa = PBXFileReference; includeInIndex = 1; lastKnownFileType = sourcecode.swift; name = FobRealityViewWrapper.swift; path = iosApp/iosApp/UI/FobRealityViewWrapper.swift; sourceTree = "<group>"; };
		AA000002AA000002AA000002 /* materials.js */ = {isa = PBXFileReference; includeInIndex = 1; lastKnownFileType = sourcecode.javascript; name = materials.js; path = assets/materials.js; sourceTree = "<group>"; };
		AA000004AA000004AA000004 /* Uguisu.glb */ = {isa = PBXFileReference; includeInIndex = 1; lastKnownFileType = file; name = Uguisu.glb; path = assets/Uguisu.glb; sourceTree = "<group>"; };
		B90D58F7CA649FECE310D05B /* SettingsViewModel.swift */ = {isa = PBXFileReference; includeInIndex = 1; lastKnownFileType = sourcecode.swift; name = SettingsViewModel.swift; path = iosApp/iosApp/UI/SettingsViewModel.swift; sourceTree = "<group>"; };
		DDDE64444413036E71036E2F /* OnboardingView.swift */ = {isa = PBXFileReference; includeInIndex = 1; lastKnownFileType = sourcecode.swift; name = OnboardingView.swift; path = iosApp/iosApp/UI/OnboardingView.swift; sourceTree = "<group>"; };
		DFC81CD531991F87389F5AF2 /* RootView.swift */ = {isa = PBXFileReference; includeInIndex = 1; lastKnownFileType = sourcecode.swift; name = RootView.swift; path = iosApp/iosApp/RootView.swift; sourceTree = "<group>"; };
		E327DC64CD9FAA9B49CBD0D0 /* SettingsViewModel.swift */ = {isa = PBXFileReference; includeInIndex = 1; lastKnownFileType = sourcecode.swift; name = SettingsViewModel.swift; path = iosApp/iosApp/UI/SettingsViewModel.swift; sourceTree = "<group>"; };
		Info_plist /* Info.plist */ = {isa = PBXFileReference; lastKnownFileType = text.plist.xml; name = Info.plist; path = iosApp/iosApp/Info.plist; sourceTree = "<group>"; };
		IosBleProximityService.swift /* IosBleProximityService.swift */ = {isa = PBXFileReference; lastKnownFileType = sourcecode.swift; name = IosBleProximityService.swift; path = iosApp/iosApp/BLE/IosBleProximityService.swift; sourceTree = "<group>"; };
		Resources /* Resources */ = {isa = PBXFileReference; lastKnownFileType = folder; name = Resources; path = iosApp/iosApp/Resources; sourceTree = "<group>"; };
/* End PBXFileReference section */

/* Begin PBXGroup section */
		13BEF07458054461059A0076 /* iosApp */ = {
			isa = PBXGroup;
			children = (
				60837AB2DF5C7A26B359451D /* UI */,
				759E8A068E245E3946DCCB31 /* iosApp */,
			);
			name = iosApp;
			sourceTree = "<group>";
		};
		1D6058920D05DD3D006BFB54 /* Products */ = {
			isa = PBXGroup;
			children = (
				95A420C22F641C80004D07BD /* Pipit.app */,
			);
			name = Products;
			sourceTree = "<group>";
		};
		1D6058940D05DD3D006BFB54 = {
			isa = PBXGroup;
			children = (
				E1C1A9010D05DD3D006BFB54 /* iOS */,
				09132914ACF970D6CD2BAF35 /* DisconnectOverlaySwiftUIView.swift */,
				15ACB021A0EB535077F4F0FA /* HomeView.swift */,
				9127467A7AF5B5C9B6D0094F /* SettingsView.swift */,
				A3B8377B1B54FE1337652D92 /* FobRealityViewWrapper.swift */,
				32FD3699F89E455D1702042B /* PipitApp.swift */,
				DFC81CD531991F87389F5AF2 /* RootView.swift */,
				B90D58F7CA649FECE310D05B /* SettingsViewModel.swift */,
				938B9032C51C3B32C7E7CF76 /* SettingsViewModel.swift */,
				13BEF07458054461059A0076 /* iosApp */,
				0DCFF6B0C28D38943E8BC133 /* viewer.html */,
				AA000002AA000002AA000002 /* materials.js */,
				AA000004AA000004AA000004 /* Uguisu.glb */,
			);
			sourceTree = "<group>";
		};
		3EFCBF316BB6C5B0B8D29DE5 /* UI */ = {
			isa = PBXGroup;
			children = (
				33D8A3FD14E75BB885FBAED5 /* OnboardingViewModel.swift */,
				5F22D762CBFAB40F2BA4C127 /* OnboardingView.swift */,
				25217FD2B46FCF95A8107E9D /* LocalSchemeHandler.swift */,
			);
			name = UI;
			sourceTree = "<group>";
		};
		60837AB2DF5C7A26B359451D /* UI */ = {
			isa = PBXGroup;
			children = (
				E327DC64CD9FAA9B49CBD0D0 /* SettingsViewModel.swift */,
				191C008F6EC4425923F30345 /* SettingsViewModel.swift */,
				0F638B17924132D4F9F1F324 /* SettingsViewModel.swift */,
				50B099269BCB3B184DAEB651 /* OnboardingViewModel.swift */,
				DDDE64444413036E71036E2F /* OnboardingView.swift */,
				6C13591F313A09BE1F331F35 /* OnboardingViewModel.swift */,
				1DA5D355AA45FF9A40BD4708 /* OnboardingView.swift */,
			);
			name = UI;
			sourceTree = "<group>";
		};
		759E8A068E245E3946DCCB31 /* iosApp */ = {
			isa = PBXGroup;
			children = (
				3EFCBF316BB6C5B0B8D29DE5 /* UI */,
			);
			name = iosApp;
			sourceTree = "<group>";
		};
		A1C1A9010D05DD3D006BFB54 /* Sources */ = {
			isa = PBXGroup;
			children = (
				IosBleProximityService.swift /* IosBleProximityService.swift */,
			);
			name = Sources;
			sourceTree = "<group>";
		};
		B1C1A9010D05DD3D006BFB54 /* Resources */ = {
			isa = PBXGroup;
			children = (
				Info_plist /* Info.plist */,
				Resources /* Resources */,
			);
			name = Resources;
			sourceTree = "<group>";
		};
		E1C1A9010D05DD3D006BFB54 /* iOS */ = {
			isa = PBXGroup;
			children = (
				A1C1A9010D05DD3D006BFB54 /* Sources */,
				B1C1A9010D05DD3D006BFB54 /* Resources */,
			);
			name = iOS;
			sourceTree = "<group>";
		};
/* End PBXGroup section */

/* Begin PBXNativeTarget section */
		1D6058910D05DD3D006BFB54 /* Pipit */ = {
			isa = PBXNativeTarget;
			buildConfigurationList = 1D6058960D05DD3D006BFB54 /* Build configuration list for PBXNativeTarget "Pipit" */;
			buildPhases = (
				F1A000012F641C80004D07BD /* Build KMP shared framework */,
				1D6058930D05DD3D006BFB54 /* Sources */,
				1D6058950D05DD3D006BFB54 /* Resources */,
			);
			buildRules = (
			);
			dependencies = (
			);
			name = Pipit;
			productName = Pipit;
			productReference = 95A420C22F641C80004D07BD /* Pipit.app */;
			productType = "com.apple.product-type.application";
		};
/* End PBXNativeTarget section */

/* Begin PBXProject section */
		1D6058900D05DD3D006BFB54 /* Project object */ = {
			isa = PBXProject;
			attributes = {
				LastUpgradeCheck = 1430;
			};
			buildConfigurationList = 1D60588F0D05DD3D006BFB54 /* Build configuration list for PBXProject "Pipit" */;
			compatibilityVersion = "Xcode 14.0";
			developmentRegion = en;
			hasScannedForEncodings = 0;
			knownRegions = (
				en,
				Base,
			);
			mainGroup = 1D6058940D05DD3D006BFB54;
			productRefGroup = 1D6058920D05DD3D006BFB54 /* Products */;
			projectDirPath = "";
			projectRoot = "";
			targets = (
				1D6058910D05DD3D006BFB54 /* Pipit */,
			);
		};
/* End PBXProject section */

/* Begin PBXResourcesBuildPhase section */
		1D6058950D05DD3D006BFB54 /* Resources */ = {
			isa = PBXResourcesBuildPhase;
			buildActionMask = 2147483647;
			files = (
				4912430888E05D76E48189D9 /* viewer.html in Resources */,
				AA000001AA000001AA000001 /* materials.js in Resources */,
				AA000003AA000003AA000003 /* Uguisu.glb in Resources */,
			);
			runOnlyForDeploymentPostprocessing = 0;
		};
/* End PBXResourcesBuildPhase section */

/* Begin PBXShellScriptBuildPhase section */
		F1A000012F641C80004D07BD /* Build KMP shared framework */ = {
			isa = PBXShellScriptBuildPhase;
			alwaysOutOfDate = 1;
			buildActionMask = 2147483647;
			files = (
			);
			inputFileListPaths = (
			);
			inputPaths = (
			);
			name = "Build KMP shared framework";
			outputFileListPaths = (
			);
			outputPaths = (
			);
			runOnlyForDeploymentPostprocessing = 0;
			shellPath = /bin/sh;
			shellScript = "set -e\ncd \"$SRCROOT\"\nif [ -z \"$JAVA_HOME\" ]; then\n  if JAVA_CANDIDATE=$(/usr/libexec/java_home -v 17 2>/dev/null); then\n    JAVA_HOME=\"$JAVA_CANDIDATE\"\n  elif [ -d \"/opt/homebrew/Cellar/openjdk@17/17.0.18/libexec/openjdk.jdk/Contents/Home\" ]; then\n    JAVA_HOME=\"/opt/homebrew/Cellar/openjdk@17/17.0.18/libexec/openjdk.jdk/Contents/Home\"\n  fi\n  export JAVA_HOME\nfi\nif [ \"$PLATFORM_NAME\" = \"iphonesimulator\" ]; then\n  if [ \"$CONFIGURATION\" = \"Debug\" ]; then\n    if echo \"$ARCHS\" | grep -qw arm64; then\n      ./gradlew :shared:linkDebugFrameworkIosSimulatorArm64 --quiet\n    fi\n    if echo \"$ARCHS\" | grep -qw x86_64; then\n      ./gradlew :shared:linkDebugFrameworkIosX64 --quiet\n    fi\n  else\n    if echo \"$ARCHS\" | grep -qw arm64; then\n      ./gradlew :shared:linkReleaseFrameworkIosSimulatorArm64 --quiet\n    fi\n    if echo \"$ARCHS\" | grep -qw x86_64; then\n      ./gradlew :shared:linkReleaseFrameworkIosX64 --quiet\n    fi\n  fi\nelse\n  if [ \"$CONFIGURATION\" = \"Debug\" ]; then\n    ./gradlew :shared:linkDebugFrameworkIosArm64 --quiet\n  else\n    ./gradlew :shared:linkReleaseFrameworkIosArm64 --quiet\n  fi\nfi\n";
		};
/* End PBXShellScriptBuildPhase section */

/* Begin PBXSourcesBuildPhase section */
		1D6058930D05DD3D006BFB54 /* Sources */ = {
			isa = PBXSourcesBuildPhase;
			buildActionMask = 2147483647;
			files = (
				1D6058A70D05DD3D006BFB54 /* IosBleProximityService.swift in Sources */,
				0B0EFB064183963EECD196A0 /* DisconnectOverlaySwiftUIView.swift in Sources */,
				058637AE5E8D8958E83182AC /* HomeView.swift in Sources */,
				A7D64F588C53EB351C0BE5BE /* SettingsView.swift in Sources */,
				78DAA08901C9BB75BA1F0119 /* FobRealityViewWrapper.swift in Sources */,
				108E3B3EF6B40A33BCB5AA40 /* PipitApp.swift in Sources */,
				24F137BEB7C0C3BC6E6024BA /* RootView.swift in Sources */,
				88EB1FBD6019F467D71A2FC9 /* SettingsViewModel.swift in Sources */,
				5B5FB53EA0FE324361F1B3D5 /* SettingsViewModel.swift in Sources */,
				A69CD32C0F50DC9E6834EA6F /* OnboardingViewModel.swift in Sources */,
				A2F440D7770F2F69059FCF85 /* OnboardingView.swift in Sources */,
				F1CA6B2F4770126B93B27E72 /* SettingsViewModel.swift in Sources */,
				058C18E87477E99DA397C853 /* SettingsViewModel.swift in Sources */,
				334B126D0019CFDF3242F1C4 /* SettingsViewModel.swift in Sources */,
				CEBFC72DC1D31B5C6CED61A6 /* OnboardingViewModel.swift in Sources */,
				1B01D085685AE81CCAE9F675 /* OnboardingView.swift in Sources */,
				466711AFAA47BB3A68977FB8 /* OnboardingViewModel.swift in Sources */,
				07DBC818AE271E1558887074 /* OnboardingView.swift in Sources */,
				4BE956AA5346573BEAD9950D /* LocalSchemeHandler.swift in Sources */,
			);
			runOnlyForDeploymentPostprocessing = 0;
		};
/* End PBXSourcesBuildPhase section */

/* Begin XCBuildConfiguration section */
		1D60588D0D05DD3D006BFB54 /* Release */ = {
			isa = XCBuildConfiguration;
			buildSettings = {
				ALWAYS_SEARCH_USER_PATHS = NO;
				INFOPLIST_FILE = iosApp/iosApp/Info.plist;
				PRODUCT_BUNDLE_IDENTIFIER = com.immogen.pipit;
				SWIFT_VERSION = 5.0;
				USE_HEADERMAP = NO;
			};
			name = Release;
		};
		1D60588E0D05DD3D006BFB54 /* Debug */ = {
			isa = XCBuildConfiguration;
			buildSettings = {
				ALWAYS_SEARCH_USER_PATHS = NO;
				INFOPLIST_FILE = iosApp/iosApp/Info.plist;
				PRODUCT_BUNDLE_IDENTIFIER = com.immogen.pipit;
				SWIFT_OPTIMIZATION_LEVEL = "-Onone";
				SWIFT_VERSION = 5.0;
				USE_HEADERMAP = NO;
			};
			name = Debug;
		};
		1D6058970D05DD3D006BFB54 /* Debug */ = {
			isa = XCBuildConfiguration;
			buildSettings = {
				ALWAYS_SEARCH_USER_PATHS = NO;
				CODE_SIGN_IDENTITY = "Apple Development";
				CODE_SIGN_STYLE = Automatic;
				DEVELOPMENT_TEAM = JV4AQ2NAC3;
				"FRAMEWORK_SEARCH_PATHS[sdk=iphoneos*]" = (
					"$(inherited)",
					"$(SRCROOT)/shared/build/bin/iosArm64/debugFramework",
				);
				"FRAMEWORK_SEARCH_PATHS[sdk=iphonesimulator*][arch=arm64]" = (
					"$(inherited)",
					"$(SRCROOT)/shared/build/bin/iosSimulatorArm64/debugFramework",
				);
				"FRAMEWORK_SEARCH_PATHS[sdk=iphonesimulator*][arch=x86_64]" = (
					"$(inherited)",
					"$(SRCROOT)/shared/build/bin/iosX64/debugFramework",
				);
				INFOPLIST_FILE = iosApp/iosApp/Info.plist;
				INFOPLIST_KEY_CFBundleDisplayName = Pipit;
				INFOPLIST_KEY_LSApplicationCategoryType = "public.app-category.utilities";
				IPHONEOS_DEPLOYMENT_TARGET = 17.0;
				MARKETING_VERSION = 0.1.0;
				OTHER_LDFLAGS = (
					"$(inherited)",
					"-framework",
					shared,
				);
				PRODUCT_BUNDLE_IDENTIFIER = com.immogen.pipit;
				PRODUCT_NAME = Pipit;
				PROVISIONING_PROFILE_SPECIFIER = "";
				SUPPORTED_PLATFORMS = "iphoneos iphonesimulator";
				SUPPORTS_MACCATALYST = NO;
				SWIFT_ACTIVE_COMPILATION_CONDITIONS = DEBUG;
				SWIFT_OPTIMIZATION_LEVEL = "-Onone";
				SWIFT_VERSION = 5.0;
				TARGETED_DEVICE_FAMILY = 1;
				USE_HEADERMAP = NO;
			};
			name = Debug;
		};
		1D6058980D05DD3D006BFB54 /* Release */ = {
			isa = XCBuildConfiguration;
			buildSettings = {
				ALWAYS_SEARCH_USER_PATHS = NO;
				CODE_SIGN_IDENTITY = "Apple Development";
				CODE_SIGN_STYLE = Automatic;
				DEVELOPMENT_TEAM = JV4AQ2NAC3;
				"FRAMEWORK_SEARCH_PATHS[sdk=iphoneos*]" = (
					"$(inherited)",
					"$(SRCROOT)/shared/build/bin/iosArm64/releaseFramework",
				);
				"FRAMEWORK_SEARCH_PATHS[sdk=iphonesimulator*][arch=arm64]" = (
					"$(inherited)",
					"$(SRCROOT)/shared/build/bin/iosSimulatorArm64/releaseFramework",
				);
				"FRAMEWORK_SEARCH_PATHS[sdk=iphonesimulator*][arch=x86_64]" = (
					"$(inherited)",
					"$(SRCROOT)/shared/build/bin/iosX64/releaseFramework",
				);
				INFOPLIST_FILE = iosApp/iosApp/Info.plist;
				INFOPLIST_KEY_CFBundleDisplayName = Pipit;
				INFOPLIST_KEY_LSApplicationCategoryType = "public.app-category.utilities";
				IPHONEOS_DEPLOYMENT_TARGET = 17.0;
				MARKETING_VERSION = 0.1.0;
				OTHER_LDFLAGS = (
					"$(inherited)",
					"-framework",
					shared,
				);
				PRODUCT_BUNDLE_IDENTIFIER = com.immogen.pipit;
				PRODUCT_NAME = Pipit;
				PROVISIONING_PROFILE_SPECIFIER = "";
				SUPPORTED_PLATFORMS = "iphoneos iphonesimulator";
				SUPPORTS_MACCATALYST = NO;
				SWIFT_VERSION = 5.0;
				TARGETED_DEVICE_FAMILY = 1;
				USE_HEADERMAP = NO;
			};
			name = Release;
		};
/* End XCBuildConfiguration section */

/* Begin XCConfigurationList section */
		1D60588F0D05DD3D006BFB54 /* Build configuration list for PBXProject "Pipit" */ = {
			isa = XCConfigurationList;
			buildConfigurations = (
				1D60588E0D05DD3D006BFB54 /* Debug */,
				1D60588D0D05DD3D006BFB54 /* Release */,
			);
			defaultConfigurationIsVisible = 0;
			defaultConfigurationName = Release;
		};
		1D6058960D05DD3D006BFB54 /* Build configuration list for PBXNativeTarget "Pipit" */ = {
			isa = XCConfigurationList;
			buildConfigurations = (
				1D6058970D05DD3D006BFB54 /* Debug */,
				1D6058980D05DD3D006BFB54 /* Release */,
			);
			defaultConfigurationIsVisible = 0;
			defaultConfigurationName = Release;
		};
/* End XCConfigurationList section */
	};
	rootObject = 1D6058900D05DD3D006BFB54 /* Project object */;
}
