// !$*UTF8*$!
{
	archiveVersion = 1;
	classes = {
	};
	objectVersion = 56;
	objects = {

/* Begin PBXFileReference section */
		95A420C22F641C80004D07BD /* Pipit.app */ = {isa = PBXFileReference; explicitFileType = wrapper.application; includeInIndex = 0; path = Pipit.app; sourceTree = BUILT_PRODUCTS_DIR; };
		AppDelegate.swift /* AppDelegate.swift */ = {isa = PBXFileReference; lastKnownFileType = sourcecode.swift; name = AppDelegate.swift; path = iosApp/iosApp/AppDelegate.swift; sourceTree = "<group>"; };
		RootViewController.swift /* RootViewController.swift */ = {isa = PBXFileReference; lastKnownFileType = sourcecode.swift; name = RootViewController.swift; path = iosApp/iosApp/UI/RootViewController.swift; sourceTree = "<group>"; };
		SettingsPlaceholderViewController.swift /* SettingsPlaceholderViewController.swift */ = {isa = PBXFileReference; lastKnownFileType = sourcecode.swift; name = SettingsPlaceholderViewController.swift; path = iosApp/iosApp/UI/SettingsPlaceholderViewController.swift; sourceTree = "<group>"; };
		HomeViewController.swift /* HomeViewController.swift */ = {isa = PBXFileReference; lastKnownFileType = sourcecode.swift; name = HomeViewController.swift; path = iosApp/iosApp/UI/HomeViewController.swift; sourceTree = "<group>"; };
		OnboardingPlaceholderViewController.swift /* OnboardingPlaceholderViewController.swift */ = {isa = PBXFileReference; lastKnownFileType = sourcecode.swift; name = OnboardingPlaceholderViewController.swift; path = iosApp/iosApp/UI/OnboardingPlaceholderViewController.swift; sourceTree = "<group>"; };
		FobPlaceholderView.swift /* FobPlaceholderView.swift */ = {isa = PBXFileReference; lastKnownFileType = sourcecode.swift; name = FobPlaceholderView.swift; path = iosApp/iosApp/UI/FobPlaceholderView.swift; sourceTree = "<group>"; };
		DisconnectOverlayView.swift /* DisconnectOverlayView.swift */ = {isa = PBXFileReference; lastKnownFileType = sourcecode.swift; name = DisconnectOverlayView.swift; path = iosApp/iosApp/UI/DisconnectOverlayView.swift; sourceTree = "<group>"; };
		FobRealityView.swift /* FobRealityView.swift */ = {isa = PBXFileReference; lastKnownFileType = sourcecode.swift; name = FobRealityView.swift; path = iosApp/iosApp/UI/FobRealityView.swift; sourceTree = "<group>"; };
		IosBleProximityService.swift /* IosBleProximityService.swift */ = {isa = PBXFileReference; lastKnownFileType = sourcecode.swift; name = IosBleProximityService.swift; path = iosApp/iosApp/BLE/IosBleProximityService.swift; sourceTree = "<group>"; };
		Info_plist /* Info.plist */ = {isa = PBXFileReference; lastKnownFileType = text.plist.xml; name = Info.plist; path = iosApp/iosApp/Info.plist; sourceTree = "<group>"; };
		Resources /* Resources */ = {isa = PBXFileReference; lastKnownFileType = folder; name = Resources; path = iosApp/iosApp/Resources; sourceTree = "<group>"; };
/* End PBXFileReference section */

/* Begin PBXGroup section */
		1D6058920D05DD3D006BFB54 /* Products */ = {
			isa = PBXGroup;
			children = (
				95A420C22F641C80004D07BD /* Pipit.app */,
			);
			name = Products;
			sourceTree = "<group>";
		};
		1D6058940D05DD3D006BFB54 = {
			isa = PBXGroup;
			children = (
				E1C1A9010D05DD3D006BFB54 /* iOS */,
			);
			sourceTree = "<group>";
		};
		A1C1A9010D05DD3D006BFB54 /* Sources */ = {
			isa = PBXGroup;
			children = (
				AppDelegate.swift /* AppDelegate.swift */,
				RootViewController.swift /* RootViewController.swift */,
				SettingsPlaceholderViewController.swift /* SettingsPlaceholderViewController.swift */,
				HomeViewController.swift /* HomeViewController.swift */,
				OnboardingPlaceholderViewController.swift /* OnboardingPlaceholderViewController.swift */,
				FobPlaceholderView.swift /* FobPlaceholderView.swift */,
				DisconnectOverlayView.swift /* DisconnectOverlayView.swift */,
				FobRealityView.swift /* FobRealityView.swift */,
				IosBleProximityService.swift /* IosBleProximityService.swift */,
			);
			name = Sources;
			sourceTree = "<group>";
		};
		B1C1A9010D05DD3D006BFB54 /* Resources */ = {
			isa = PBXGroup;
			children = (
				Info_plist /* Info.plist */,
				Resources /* Resources */,
			);
			name = Resources;
			sourceTree = "<group>";
		};
		E1C1A9010D05DD3D006BFB54 /* iOS */ = {
			isa = PBXGroup;
			children = (
				A1C1A9010D05DD3D006BFB54 /* Sources */,
				B1C1A9010D05DD3D006BFB54 /* Resources */,
			);
			name = iOS;
			sourceTree = "<group>";
		};
/* End PBXGroup section */

/* Begin PBXNativeTarget section */
		1D6058910D05DD3D006BFB54 /* Pipit */ = {
			isa = PBXNativeTarget;
			buildConfigurationList = 1D6058960D05DD3D006BFB54 /* Build configuration list for PBXNativeTarget "Pipit" */;
			buildPhases = (
				F1A000012F641C80004D07BD /* Build KMP shared framework */,
				1D6058930D05DD3D006BFB54 /* Sources */,
				1D6058950D05DD3D006BFB54 /* Resources */,
			);
			buildRules = (
			);
			dependencies = (
			);
			name = Pipit;
			productName = Pipit;
			productReference = 95A420C22F641C80004D07BD /* Pipit.app */;
			productType = "com.apple.product-type.application";
		};
/* End PBXNativeTarget section */

/* Begin PBXProject section */
		1D6058900D05DD3D006BFB54 /* Project object */ = {
			isa = PBXProject;
			attributes = {
				LastUpgradeCheck = 1430;
			};
			buildConfigurationList = 1D60588F0D05DD3D006BFB54 /* Build configuration list for PBXProject "Pipit" */;
			compatibilityVersion = "Xcode 14.0";
			developmentRegion = en;
			hasScannedForEncodings = 0;
			knownRegions = (
				en,
				Base,
			);
			mainGroup = 1D6058940D05DD3D006BFB54;
			productRefGroup = 1D6058920D05DD3D006BFB54 /* Products */;
			projectDirPath = "";
			projectRoot = "";
			targets = (
				1D6058910D05DD3D006BFB54 /* Pipit */,
			);
		};
/* End PBXProject section */

/* Begin PBXShellScriptBuildPhase section */
		F1A000012F641C80004D07BD /* Build KMP shared framework */ = {
			isa = PBXShellScriptBuildPhase;
			alwaysOutOfDate = 1;
			buildActionMask = 2147483647;
			files = (
			);
			inputFileListPaths = (
			);
			inputPaths = (
			);
			name = "Build KMP shared framework";
			outputFileListPaths = (
			);
			outputPaths = (
			);
			runOnlyForDeploymentPostprocessing = 0;
			shellPath = /bin/sh;
			shellScript = "set -e\ncd \"$SRCROOT\"\nif [ -z \"$JAVA_HOME\" ]; then\n  if JAVA_CANDIDATE=$(/usr/libexec/java_home -v 17 2>/dev/null); then\n    JAVA_HOME=\"$JAVA_CANDIDATE\"\n  elif [ -d \"/opt/homebrew/Cellar/openjdk@17/17.0.18/libexec/openjdk.jdk/Contents/Home\" ]; then\n    JAVA_HOME=\"/opt/homebrew/Cellar/openjdk@17/17.0.18/libexec/openjdk.jdk/Contents/Home\"\n  fi\n  export JAVA_HOME\nfi\nif [ \"$PLATFORM_NAME\" = \"iphonesimulator\" ]; then\n  if [ \"$CONFIGURATION\" = \"Debug\" ]; then\n    ./gradlew :shared:linkDebugFrameworkIosSimulatorArm64 --quiet\n  else\n    ./gradlew :shared:linkReleaseFrameworkIosSimulatorArm64 --quiet\n  fi\nelse\n  if [ \"$CONFIGURATION\" = \"Debug\" ]; then\n    ./gradlew :shared:linkDebugFrameworkIosArm64 --quiet\n  else\n    ./gradlew :shared:linkReleaseFrameworkIosArm64 --quiet\n  fi\nfi\n";
		};
/* End PBXShellScriptBuildPhase section */

/* Begin PBXResourcesBuildPhase section */
		1D6058950D05DD3D006BFB54 /* Resources */ = {
			isa = PBXResourcesBuildPhase;
			buildActionMask = 2147483647;
			files = (
			);
			runOnlyForDeploymentPostprocessing = 0;
		};
/* End PBXResourcesBuildPhase section */

/* Begin PBXSourcesBuildPhase section */
		1D6058930D05DD3D006BFB54 /* Sources */ = {
			isa = PBXSourcesBuildPhase;
			buildActionMask = 2147483647;
			files = (
				1D60589E0D05DD3D006BFB54 /* AppDelegate.swift in Sources */,
				1D6058A00D05DD3D006BFB54 /* RootViewController.swift in Sources */,
				1D6058A10D05DD3D006BFB54 /* SettingsPlaceholderViewController.swift in Sources */,
				1D6058A20D05DD3D006BFB54 /* HomeViewController.swift in Sources */,
				1D6058A30D05DD3D006BFB54 /* OnboardingPlaceholderViewController.swift in Sources */,
				1D6058A40D05DD3D006BFB54 /* FobPlaceholderView.swift in Sources */,
				1D6058A50D05DD3D006BFB54 /* DisconnectOverlayView.swift in Sources */,
				1D6058A60D05DD3D006BFB54 /* FobRealityView.swift in Sources */,
				1D6058A70D05DD3D006BFB54 /* IosBleProximityService.swift in Sources */,
			);
			runOnlyForDeploymentPostprocessing = 0;
		};
/* End PBXSourcesBuildPhase section */

/* Begin XCBuildConfiguration section */
		1D60588D0D05DD3D006BFB54 /* Release */ = {
			isa = XCBuildConfiguration;
			buildSettings = {
				INFOPLIST_FILE = iosApp/iosApp/Info.plist;
				PRODUCT_BUNDLE_IDENTIFIER = com.immogen.pipit;
				SWIFT_VERSION = 5.0;
				ALWAYS_SEARCH_USER_PATHS = NO;
				USE_HEADERMAP = NO;
			};
			name = Release;
		};
		1D60588E0D05DD3D006BFB54 /* Debug */ = {
			isa = XCBuildConfiguration;
			buildSettings = {
				INFOPLIST_FILE = iosApp/iosApp/Info.plist;
				PRODUCT_BUNDLE_IDENTIFIER = com.immogen.pipit;
				SWIFT_VERSION = 5.0;
				SWIFT_OPTIMIZATION_LEVEL = -Onone;
				ALWAYS_SEARCH_USER_PATHS = NO;
				USE_HEADERMAP = NO;
			};
			name = Debug;
		};
		1D6058970D05DD3D006BFB54 /* Debug */ = {
			isa = XCBuildConfiguration;
			buildSettings = {
				"FRAMEWORK_SEARCH_PATHS[sdk=iphoneos*]" = (
					"$(inherited)",
					"$(SRCROOT)/shared/build/bin/iosArm64/debugFramework",
				);
				"FRAMEWORK_SEARCH_PATHS[sdk=iphonesimulator*]" = (
					"$(inherited)",
					"$(SRCROOT)/shared/build/bin/iosSimulatorArm64/debugFramework",
				);
				INFOPLIST_FILE = iosApp/iosApp/Info.plist;
				INFOPLIST_KEY_CFBundleDisplayName = Pipit;
				INFOPLIST_KEY_LSApplicationCategoryType = "public.app-category.utilities";
				IPHONEOS_DEPLOYMENT_TARGET = 15.6;
				MARKETING_VERSION = 0.1.0;
				OTHER_LDFLAGS = (
					"$(inherited)",
					"-framework",
					shared,
				);
				PRODUCT_BUNDLE_IDENTIFIER = com.immogen.pipit;
				PRODUCT_NAME = Pipit;
				SUPPORTED_PLATFORMS = "iphoneos iphonesimulator";
				SUPPORTS_MACCATALYST = NO;
				TARGETED_DEVICE_FAMILY = 1;
				ALWAYS_SEARCH_USER_PATHS = NO;
				USE_HEADERMAP = NO;
				SWIFT_VERSION = 5.0;
				SWIFT_OPTIMIZATION_LEVEL = -Onone;
			};
			name = Debug;
		};
		1D60589E0D05DD3D006BFB54 /* AppDelegate.swift in Sources */ = {isa = PBXBuildFile; fileRef = AppDelegate.swift /* AppDelegate.swift */; };
		1D6058A00D05DD3D006BFB54 /* RootViewController.swift in Sources */ = {isa = PBXBuildFile; fileRef = RootViewController.swift /* RootViewController.swift */; };
		1D6058A10D05DD3D006BFB54 /* SettingsPlaceholderViewController.swift in Sources */ = {isa = PBXBuildFile; fileRef = SettingsPlaceholderViewController.swift /* SettingsPlaceholderViewController.swift */; };
		1D6058A20D05DD3D006BFB54 /* HomeViewController.swift in Sources */ = {isa = PBXBuildFile; fileRef = HomeViewController.swift /* HomeViewController.swift */; };
		1D6058A30D05DD3D006BFB54 /* OnboardingPlaceholderViewController.swift in Sources */ = {isa = PBXBuildFile; fileRef = OnboardingPlaceholderViewController.swift /* OnboardingPlaceholderViewController.swift */; };
		1D6058A40D05DD3D006BFB54 /* FobPlaceholderView.swift in Sources */ = {isa = PBXBuildFile; fileRef = FobPlaceholderView.swift /* FobPlaceholderView.swift */; };
		1D6058A50D05DD3D006BFB54 /* DisconnectOverlayView.swift in Sources */ = {isa = PBXBuildFile; fileRef = DisconnectOverlayView.swift /* DisconnectOverlayView.swift */; };
		1D6058A60D05DD3D006BFB54 /* FobRealityView.swift in Sources */ = {isa = PBXBuildFile; fileRef = FobRealityView.swift /* FobRealityView.swift */; };
		1D6058A70D05DD3D006BFB54 /* IosBleProximityService.swift in Sources */ = {isa = PBXBuildFile; fileRef = IosBleProximityService.swift /* IosBleProximityService.swift */; };
		1D6058980D05DD3D006BFB54 /* Release */ = {
			isa = XCBuildConfiguration;
			buildSettings = {
				"FRAMEWORK_SEARCH_PATHS[sdk=iphoneos*]" = (
					"$(inherited)",
					"$(SRCROOT)/shared/build/bin/iosArm64/releaseFramework",
				);
				"FRAMEWORK_SEARCH_PATHS[sdk=iphonesimulator*]" = (
					"$(inherited)",
					"$(SRCROOT)/shared/build/bin/iosSimulatorArm64/releaseFramework",
				);
				INFOPLIST_FILE = iosApp/iosApp/Info.plist;
				INFOPLIST_KEY_CFBundleDisplayName = Pipit;
				INFOPLIST_KEY_LSApplicationCategoryType = "public.app-category.utilities";
				IPHONEOS_DEPLOYMENT_TARGET = 15.6;
				MARKETING_VERSION = 0.1.0;
				OTHER_LDFLAGS = (
					"$(inherited)",
					"-framework",
					shared,
				);
				PRODUCT_BUNDLE_IDENTIFIER = com.immogen.pipit;
				PRODUCT_NAME = Pipit;
				SUPPORTED_PLATFORMS = "iphoneos iphonesimulator";
				SUPPORTS_MACCATALYST = NO;
				TARGETED_DEVICE_FAMILY = 1;
				ALWAYS_SEARCH_USER_PATHS = NO;
				USE_HEADERMAP = NO;
				SWIFT_VERSION = 5.0;
			};
			name = Release;
		};
/* End XCBuildConfiguration section */

/* Begin XCConfigurationList section */
		1D60588F0D05DD3D006BFB54 /* Build configuration list for PBXProject "Pipit" */ = {
			isa = XCConfigurationList;
			buildConfigurations = (
				1D60588E0D05DD3D006BFB54 /* Debug */,
				1D60588D0D05DD3D006BFB54 /* Release */,
			);
			defaultConfigurationIsVisible = 0;
			defaultConfigurationName = Release;
		};
		1D6058960D05DD3D006BFB54 /* Build configuration list for PBXNativeTarget "Pipit" */ = {
			isa = XCConfigurationList;
			buildConfigurations = (
				1D6058970D05DD3D006BFB54 /* Debug */,
				1D6058980D05DD3D006BFB54 /* Release */,
			);
			defaultConfigurationIsVisible = 0;
			defaultConfigurationName = Release;
		};
/* End XCConfigurationList section */
	};
	rootObject = 1D6058900D05DD3D006BFB54 /* Project object */;
}
